
Microsoft Visual Studio Solution File, Format Version 12.00
# Visual Studio Version 16
VisualStudioVersion = 16.0.30406.217
MinimumVisualStudioVersion = 10.0.40219.1
Project("{FAE04EC0-301F-11D3-BF4B-00C04F79EFBC}") = "KartOyunu", "KartOyunu\KartOyunu.csproj", "{583007C5-537E-48ED-948E-942846B95B2D}"
EndProject
Global
	GlobalSection(SolutionConfigurationPlatforms) = preSolution
		Debug|Any CPU = Debug|Any CPU
		Release|Any CPU = Release|Any CPU
	EndGlobalSection
	GlobalSection(ProjectConfigurationPlatforms) = postSolution
		{583007C5-537E-48ED-948E-942846B95B2D}.Debug|Any CPU.ActiveCfg = Debug|Any CPU
		{583007C5-537E-48ED-948E-942846B95B2D}.Debug|Any CPU.Build.0 = Debug|Any CPU
		{583007C5-537E-48ED-948E-942846B95B2D}.Release|Any CPU.ActiveCfg = Release|Any CPU
		{583007C5-537E-48ED-948E-942846B95B2D}.Release|Any CPU.Build.0 = Release|Any CPU
	EndGlobalSection
	GlobalSection(SolutionProperties) = preSolution
		HideSolutionNode = FALSE
	EndGlobalSection
	GlobalSection(ExtensibilityGlobals) = postSolution
		SolutionGuid = {79C920CE-48F3-4785-A7C0-D16489F1005F}
	EndGlobalSection
EndGlobal
